
Microsoft Visual Studio Solution File, Format Version 12.00
# Visual Studio Version 17
VisualStudioVersion = 17.6.33712.159
MinimumVisualStudioVersion = 10.0.40219.1
Project("{FAE04EC0-301F-11D3-BF4B-00C04F79EFBC}") = "Orchard_Project_Library_2", "Orchard_Project_Library_2\Orchard_Project_Library_2.csproj", "{F4679577-BEF5-455F-B994-7D3BF5772097}"
EndProject
Project("{2150E333-8FDC-42A3-9474-1A3956D46DE8}") = "Modules", "Modules", "{D2BA205D-39E2-4AAF-83CA-3AC2E964A6EF}"
EndProject
Project("{2150E333-8FDC-42A3-9474-1A3956D46DE8}") = "Themes", "Themes", "{3DC636CD-D487-4F59-9C9E-0BFBF9A51FC6}"
EndProject
Global
	GlobalSection(SolutionConfigurationPlatforms) = preSolution
		Debug|Any CPU = Debug|Any CPU
		Release|Any CPU = Release|Any CPU
	EndGlobalSection
	GlobalSection(ProjectConfigurationPlatforms) = postSolution
		{F4679577-BEF5-455F-B994-7D3BF5772097}.Debug|Any CPU.ActiveCfg = Debug|Any CPU
		{F4679577-BEF5-455F-B994-7D3BF5772097}.Debug|Any CPU.Build.0 = Debug|Any CPU
		{F4679577-BEF5-455F-B994-7D3BF5772097}.Release|Any CPU.ActiveCfg = Release|Any CPU
		{F4679577-BEF5-455F-B994-7D3BF5772097}.Release|Any CPU.Build.0 = Release|Any CPU
	EndGlobalSection
	GlobalSection(SolutionProperties) = preSolution
		HideSolutionNode = FALSE
	EndGlobalSection
	GlobalSection(ExtensibilityGlobals) = postSolution
		SolutionGuid = {1E704B9E-F814-4AA4-99E5-8A26A7DAB0EF}
	EndGlobalSection
EndGlobal
